
Microsoft Visual Studio Solution File, Format Version 12.00
# Visual Studio 15
VisualStudioVersion = 15.0.26124.0
MinimumVisualStudioVersion = 15.0.26124.0
Project("{FAE04EC0-301F-11D3-BF4B-00C04F79EFBC}") = "DevIct.PublicMeetings.Data.Front", "front\DevIct.PublicMeetings.Data.Front.csproj", "{7AD70628-D7C3-40DE-A4D2-DAC2C3642FEC}"
EndProject
Project("{FAE04EC0-301F-11D3-BF4B-00C04F79EFBC}") = "DevIct.PublicMeetings.Data.Core", "core\DevIct.PublicMeetings.Data.Core.csproj", "{65EDFEEC-20E7-4BB3-85A0-224D413D2F26}"
EndProject
Global
	GlobalSection(SolutionConfigurationPlatforms) = preSolution
		Debug|Any CPU = Debug|Any CPU
		Debug|x64 = Debug|x64
		Debug|x86 = Debug|x86
		Release|Any CPU = Release|Any CPU
		Release|x64 = Release|x64
		Release|x86 = Release|x86
	EndGlobalSection
	GlobalSection(SolutionProperties) = preSolution
		HideSolutionNode = FALSE
	EndGlobalSection
	GlobalSection(ProjectConfigurationPlatforms) = postSolution
		{7AD70628-D7C3-40DE-A4D2-DAC2C3642FEC}.Debug|Any CPU.ActiveCfg = Debug|Any CPU
		{7AD70628-D7C3-40DE-A4D2-DAC2C3642FEC}.Debug|Any CPU.Build.0 = Debug|Any CPU
		{7AD70628-D7C3-40DE-A4D2-DAC2C3642FEC}.Debug|x64.ActiveCfg = Debug|Any CPU
		{7AD70628-D7C3-40DE-A4D2-DAC2C3642FEC}.Debug|x64.Build.0 = Debug|Any CPU
		{7AD70628-D7C3-40DE-A4D2-DAC2C3642FEC}.Debug|x86.ActiveCfg = Debug|Any CPU
		{7AD70628-D7C3-40DE-A4D2-DAC2C3642FEC}.Debug|x86.Build.0 = Debug|Any CPU
		{7AD70628-D7C3-40DE-A4D2-DAC2C3642FEC}.Release|Any CPU.ActiveCfg = Release|Any CPU
		{7AD70628-D7C3-40DE-A4D2-DAC2C3642FEC}.Release|Any CPU.Build.0 = Release|Any CPU
		{7AD70628-D7C3-40DE-A4D2-DAC2C3642FEC}.Release|x64.ActiveCfg = Release|Any CPU
		{7AD70628-D7C3-40DE-A4D2-DAC2C3642FEC}.Release|x64.Build.0 = Release|Any CPU
		{7AD70628-D7C3-40DE-A4D2-DAC2C3642FEC}.Release|x86.ActiveCfg = Release|Any CPU
		{7AD70628-D7C3-40DE-A4D2-DAC2C3642FEC}.Release|x86.Build.0 = Release|Any CPU
		{65EDFEEC-20E7-4BB3-85A0-224D413D2F26}.Debug|Any CPU.ActiveCfg = Debug|Any CPU
		{65EDFEEC-20E7-4BB3-85A0-224D413D2F26}.Debug|Any CPU.Build.0 = Debug|Any CPU
		{65EDFEEC-20E7-4BB3-85A0-224D413D2F26}.Debug|x64.ActiveCfg = Debug|Any CPU
		{65EDFEEC-20E7-4BB3-85A0-224D413D2F26}.Debug|x64.Build.0 = Debug|Any CPU
		{65EDFEEC-20E7-4BB3-85A0-224D413D2F26}.Debug|x86.ActiveCfg = Debug|Any CPU
		{65EDFEEC-20E7-4BB3-85A0-224D413D2F26}.Debug|x86.Build.0 = Debug|Any CPU
		{65EDFEEC-20E7-4BB3-85A0-224D413D2F26}.Release|Any CPU.ActiveCfg = Release|Any CPU
		{65EDFEEC-20E7-4BB3-85A0-224D413D2F26}.Release|Any CPU.Build.0 = Release|Any CPU
		{65EDFEEC-20E7-4BB3-85A0-224D413D2F26}.Release|x64.ActiveCfg = Release|Any CPU
		{65EDFEEC-20E7-4BB3-85A0-224D413D2F26}.Release|x64.Build.0 = Release|Any CPU
		{65EDFEEC-20E7-4BB3-85A0-224D413D2F26}.Release|x86.ActiveCfg = Release|Any CPU
		{65EDFEEC-20E7-4BB3-85A0-224D413D2F26}.Release|x86.Build.0 = Release|Any CPU
	EndGlobalSection
EndGlobal
